
Microsoft Visual Studio Solution File, Format Version 12.00
# Visual Studio 15
VisualStudioVersion = 15.0.26114.2
MinimumVisualStudioVersion = 10.0.40219.1
Project("{FAE04EC0-301F-11D3-BF4B-00C04F79EFBC}") = "DiplomContentSystem", "DiplomContentSystem\DiplomContentSystem.csproj", "{19318A22-340A-4DA9-8F8E-1772598A7084}"
EndProject
Project("{FAE04EC0-301F-11D3-BF4B-00C04F79EFBC}") = "DiplomContentSystem.Core", "DiplomContentSystem.Core\DiplomContentSystem.Core.csproj", "{EABDEEC4-20F0-47C0-83A6-C4E601492CA8}"
EndProject
Project("{FAE04EC0-301F-11D3-BF4B-00C04F79EFBC}") = "DiplomContentSystem.DataLayer", "DiplomContentSystem.DataLayer\DiplomContentSystem.DataLayer.csproj", "{2C239FA3-41E3-4DAE-A8A2-5247A154A5AB}"
EndProject
Project("{FAE04EC0-301F-11D3-BF4B-00C04F79EFBC}") = "DiplomContentSystem.Services", "DiplomContentSystem.Services\DiplomContentSystem.Services.csproj", "{55DA8AF0-B7E7-46FF-B2C9-D7D7952C6B73}"
EndProject
Project("{FAE04EC0-301F-11D3-BF4B-00C04F79EFBC}") = "DiplomContentSystem.Dto", "DiplomContentSystem.Dto\DiplomContentSystem.Dto.csproj", "{A3B13F98-4B1F-4FEA-A3F9-A27AEBA23E8C}"
EndProject
Global
	GlobalSection(SolutionConfigurationPlatforms) = preSolution
		Debug|Any CPU = Debug|Any CPU
		Release|Any CPU = Release|Any CPU
	EndGlobalSection
	GlobalSection(ProjectConfigurationPlatforms) = postSolution
		{19318A22-340A-4DA9-8F8E-1772598A7084}.Debug|Any CPU.ActiveCfg = Debug|Any CPU
		{19318A22-340A-4DA9-8F8E-1772598A7084}.Debug|Any CPU.Build.0 = Debug|Any CPU
		{19318A22-340A-4DA9-8F8E-1772598A7084}.Release|Any CPU.ActiveCfg = Release|Any CPU
		{19318A22-340A-4DA9-8F8E-1772598A7084}.Release|Any CPU.Build.0 = Release|Any CPU
		{EABDEEC4-20F0-47C0-83A6-C4E601492CA8}.Debug|Any CPU.ActiveCfg = Debug|Any CPU
		{EABDEEC4-20F0-47C0-83A6-C4E601492CA8}.Debug|Any CPU.Build.0 = Debug|Any CPU
		{EABDEEC4-20F0-47C0-83A6-C4E601492CA8}.Release|Any CPU.ActiveCfg = Release|Any CPU
		{EABDEEC4-20F0-47C0-83A6-C4E601492CA8}.Release|Any CPU.Build.0 = Release|Any CPU
		{2C239FA3-41E3-4DAE-A8A2-5247A154A5AB}.Debug|Any CPU.ActiveCfg = Debug|Any CPU
		{2C239FA3-41E3-4DAE-A8A2-5247A154A5AB}.Debug|Any CPU.Build.0 = Debug|Any CPU
		{2C239FA3-41E3-4DAE-A8A2-5247A154A5AB}.Release|Any CPU.ActiveCfg = Release|Any CPU
		{2C239FA3-41E3-4DAE-A8A2-5247A154A5AB}.Release|Any CPU.Build.0 = Release|Any CPU
		{55DA8AF0-B7E7-46FF-B2C9-D7D7952C6B73}.Debug|Any CPU.ActiveCfg = Debug|Any CPU
		{55DA8AF0-B7E7-46FF-B2C9-D7D7952C6B73}.Debug|Any CPU.Build.0 = Debug|Any CPU
		{55DA8AF0-B7E7-46FF-B2C9-D7D7952C6B73}.Release|Any CPU.ActiveCfg = Release|Any CPU
		{55DA8AF0-B7E7-46FF-B2C9-D7D7952C6B73}.Release|Any CPU.Build.0 = Release|Any CPU
		{A3B13F98-4B1F-4FEA-A3F9-A27AEBA23E8C}.Debug|Any CPU.ActiveCfg = Debug|Any CPU
		{A3B13F98-4B1F-4FEA-A3F9-A27AEBA23E8C}.Debug|Any CPU.Build.0 = Debug|Any CPU
		{A3B13F98-4B1F-4FEA-A3F9-A27AEBA23E8C}.Release|Any CPU.ActiveCfg = Release|Any CPU
		{A3B13F98-4B1F-4FEA-A3F9-A27AEBA23E8C}.Release|Any CPU.Build.0 = Release|Any CPU
	EndGlobalSection
	GlobalSection(SolutionProperties) = preSolution
		HideSolutionNode = FALSE
	EndGlobalSection
EndGlobal
