
Microsoft Visual Studio Solution File, Format Version 12.00
# Visual Studio 14
VisualStudioVersion = 14.0.25420.1
MinimumVisualStudioVersion = 10.0.40219.1
Project("{8BB2217D-0F2D-49D1-97BC-3654ED321F3B}") = "DiplomContentSystem", "DiplomContentSystem\DiplomContentSystem.xproj", "{19318A22-340A-4DA9-8F8E-1772598A7084}"
EndProject
Project("{8BB2217D-0F2D-49D1-97BC-3654ED321F3B}") = "DiplomContentSystem.Core", "DiplomContentSystem.Core\DiplomContentSystem.Core.xproj", "{EABDEEC4-20F0-47C0-83A6-C4E601492CA8}"
EndProject
Project("{8BB2217D-0F2D-49D1-97BC-3654ED321F3B}") = "DiplomContentSystem.DataLayer", "DiplomContentSystem\DiplomContentSystem.DataLayer\DiplomContentSystem.DataLayer.xproj", "{CB3D2CE0-428B-4DAB-A6D1-A7923ABE8209}"
EndProject
Project("{8BB2217D-0F2D-49D1-97BC-3654ED321F3B}") = "DiplomContentSystem.Services", "DiplomContentSystem\DiplomContentSystem.Services\DiplomContentSystem.Services.xproj", "{1A208CEE-1A07-4C7A-A9DE-02CA193C1474}"
EndProject
Global
	GlobalSection(SolutionConfigurationPlatforms) = preSolution
		Debug|Any CPU = Debug|Any CPU
		Release|Any CPU = Release|Any CPU
	EndGlobalSection
	GlobalSection(ProjectConfigurationPlatforms) = postSolution
		{19318A22-340A-4DA9-8F8E-1772598A7084}.Debug|Any CPU.ActiveCfg = Debug|Any CPU
		{19318A22-340A-4DA9-8F8E-1772598A7084}.Debug|Any CPU.Build.0 = Debug|Any CPU
		{19318A22-340A-4DA9-8F8E-1772598A7084}.Release|Any CPU.ActiveCfg = Release|Any CPU
		{19318A22-340A-4DA9-8F8E-1772598A7084}.Release|Any CPU.Build.0 = Release|Any CPU
		{EABDEEC4-20F0-47C0-83A6-C4E601492CA8}.Debug|Any CPU.ActiveCfg = Debug|Any CPU
		{EABDEEC4-20F0-47C0-83A6-C4E601492CA8}.Debug|Any CPU.Build.0 = Debug|Any CPU
		{EABDEEC4-20F0-47C0-83A6-C4E601492CA8}.Release|Any CPU.ActiveCfg = Release|Any CPU
		{EABDEEC4-20F0-47C0-83A6-C4E601492CA8}.Release|Any CPU.Build.0 = Release|Any CPU
		{CB3D2CE0-428B-4DAB-A6D1-A7923ABE8209}.Debug|Any CPU.ActiveCfg = Debug|Any CPU
		{CB3D2CE0-428B-4DAB-A6D1-A7923ABE8209}.Debug|Any CPU.Build.0 = Debug|Any CPU
		{CB3D2CE0-428B-4DAB-A6D1-A7923ABE8209}.Release|Any CPU.ActiveCfg = Release|Any CPU
		{CB3D2CE0-428B-4DAB-A6D1-A7923ABE8209}.Release|Any CPU.Build.0 = Release|Any CPU
		{1A208CEE-1A07-4C7A-A9DE-02CA193C1474}.Debug|Any CPU.ActiveCfg = Debug|Any CPU
		{1A208CEE-1A07-4C7A-A9DE-02CA193C1474}.Debug|Any CPU.Build.0 = Debug|Any CPU
		{1A208CEE-1A07-4C7A-A9DE-02CA193C1474}.Release|Any CPU.ActiveCfg = Release|Any CPU
		{1A208CEE-1A07-4C7A-A9DE-02CA193C1474}.Release|Any CPU.Build.0 = Release|Any CPU
	EndGlobalSection
	GlobalSection(SolutionProperties) = preSolution
		HideSolutionNode = FALSE
	EndGlobalSection
EndGlobal
